
Microsoft Visual Studio Solution File, Format Version 12.00
# Visual Studio Version 16
VisualStudioVersion = 16.0.32630.194
MinimumVisualStudioVersion = 10.0.40219.1
Project("{FAE04EC0-301F-11D3-BF4B-00C04F79EFBC}") = "StoredProcedureWithWebApi", "StoredProcedureWithWebApi\StoredProcedureWithWebApi.csproj", "{C2AEC007-37FE-4EDD-9D79-AEEBD1E8F291}"
EndProject
Global
	GlobalSection(SolutionConfigurationPlatforms) = preSolution
		Debug|Any CPU = Debug|Any CPU
		Release|Any CPU = Release|Any CPU
	EndGlobalSection
	GlobalSection(ProjectConfigurationPlatforms) = postSolution
		{C2AEC007-37FE-4EDD-9D79-AEEBD1E8F291}.Debug|Any CPU.ActiveCfg = Debug|Any CPU
		{C2AEC007-37FE-4EDD-9D79-AEEBD1E8F291}.Debug|Any CPU.Build.0 = Debug|Any CPU
		{C2AEC007-37FE-4EDD-9D79-AEEBD1E8F291}.Release|Any CPU.ActiveCfg = Release|Any CPU
		{C2AEC007-37FE-4EDD-9D79-AEEBD1E8F291}.Release|Any CPU.Build.0 = Release|Any CPU
	EndGlobalSection
	GlobalSection(SolutionProperties) = preSolution
		HideSolutionNode = FALSE
	EndGlobalSection
	GlobalSection(ExtensibilityGlobals) = postSolution
		SolutionGuid = {D8078EA7-626F-4D51-ACE4-44AA1B096A17}
	EndGlobalSection
EndGlobal
